
Microsoft Visual Studio Solution File, Format Version 12.00
# Visual Studio Version 17
VisualStudioVersion = 17.10.35013.160
MinimumVisualStudioVersion = 10.0.40219.1
Project("{9A19103F-16F7-4668-BE54-9A1E7A4F7556}") = "IT72024BlazorAppDemoCS", "IT72024BlazorAppDemoCS.csproj", "{697162FD-E6C6-4E40-BE8C-47E7ED32A8B3}"
EndProject
Global
	GlobalSection(SolutionConfigurationPlatforms) = preSolution
		Debug|Any CPU = Debug|Any CPU
		Release|Any CPU = Release|Any CPU
	EndGlobalSection
	GlobalSection(ProjectConfigurationPlatforms) = postSolution
		{697162FD-E6C6-4E40-BE8C-47E7ED32A8B3}.Debug|Any CPU.ActiveCfg = Debug|Any CPU
		{697162FD-E6C6-4E40-BE8C-47E7ED32A8B3}.Debug|Any CPU.Build.0 = Debug|Any CPU
		{697162FD-E6C6-4E40-BE8C-47E7ED32A8B3}.Release|Any CPU.ActiveCfg = Release|Any CPU
		{697162FD-E6C6-4E40-BE8C-47E7ED32A8B3}.Release|Any CPU.Build.0 = Release|Any CPU
	EndGlobalSection
	GlobalSection(SolutionProperties) = preSolution
		HideSolutionNode = FALSE
	EndGlobalSection
	GlobalSection(ExtensibilityGlobals) = postSolution
		SolutionGuid = {85082932-D528-474E-BD26-FEAFCC12F671}
	EndGlobalSection
EndGlobal
